
Microsoft Visual Studio Solution File, Format Version 12.00
# Visual Studio 14
VisualStudioVersion = 14.0.25420.1
MinimumVisualStudioVersion = 10.0.40219.1
Project("{FAE04EC0-301F-11D3-BF4B-00C04F79EFBC}") = "SmartInventorySystem", "SmartInventorySystem\SmartInventorySystem.csproj", "{D1A7E458-50A4-45CC-842F-7F11DDF223DD}"
EndProject
Project("{FAE04EC0-301F-11D3-BF4B-00C04F79EFBC}") = "ViewModel", "ViewModel\ViewModel.csproj", "{BE29A432-4712-4DA3-ACB5-481D952C10CB}"
EndProject
Global
	GlobalSection(SolutionConfigurationPlatforms) = preSolution
		Debug|Any CPU = Debug|Any CPU
		Debug|x86 = Debug|x86
		Release|Any CPU = Release|Any CPU
		Release|x86 = Release|x86
	EndGlobalSection
	GlobalSection(ProjectConfigurationPlatforms) = postSolution
		{D1A7E458-50A4-45CC-842F-7F11DDF223DD}.Debug|Any CPU.ActiveCfg = Debug|Any CPU
		{D1A7E458-50A4-45CC-842F-7F11DDF223DD}.Debug|Any CPU.Build.0 = Debug|Any CPU
		{D1A7E458-50A4-45CC-842F-7F11DDF223DD}.Debug|x86.ActiveCfg = Debug|Any CPU
		{D1A7E458-50A4-45CC-842F-7F11DDF223DD}.Debug|x86.Build.0 = Debug|Any CPU
		{D1A7E458-50A4-45CC-842F-7F11DDF223DD}.Release|Any CPU.ActiveCfg = Release|Any CPU
		{D1A7E458-50A4-45CC-842F-7F11DDF223DD}.Release|Any CPU.Build.0 = Release|Any CPU
		{D1A7E458-50A4-45CC-842F-7F11DDF223DD}.Release|x86.ActiveCfg = Release|Any CPU
		{D1A7E458-50A4-45CC-842F-7F11DDF223DD}.Release|x86.Build.0 = Release|Any CPU
		{BE29A432-4712-4DA3-ACB5-481D952C10CB}.Debug|Any CPU.ActiveCfg = Debug|Any CPU
		{BE29A432-4712-4DA3-ACB5-481D952C10CB}.Debug|Any CPU.Build.0 = Debug|Any CPU
		{BE29A432-4712-4DA3-ACB5-481D952C10CB}.Debug|x86.ActiveCfg = Debug|Any CPU
		{BE29A432-4712-4DA3-ACB5-481D952C10CB}.Debug|x86.Build.0 = Debug|Any CPU
		{BE29A432-4712-4DA3-ACB5-481D952C10CB}.Release|Any CPU.ActiveCfg = Release|Any CPU
		{BE29A432-4712-4DA3-ACB5-481D952C10CB}.Release|Any CPU.Build.0 = Release|Any CPU
		{BE29A432-4712-4DA3-ACB5-481D952C10CB}.Release|x86.ActiveCfg = Release|Any CPU
		{BE29A432-4712-4DA3-ACB5-481D952C10CB}.Release|x86.Build.0 = Release|Any CPU
	EndGlobalSection
	GlobalSection(SolutionProperties) = preSolution
		HideSolutionNode = FALSE
	EndGlobalSection
EndGlobal
