
Microsoft Visual Studio Solution File, Format Version 12.00
# Visual Studio 14
VisualStudioVersion = 14.0.25420.1
MinimumVisualStudioVersion = 10.0.40219.1
Project("{FAE04EC0-301F-11D3-BF4B-00C04F79EFBC}") = "WinForms", "WinForms\WinForms.csproj", "{D1A7E458-50A4-45CC-842F-7F11DDF223DD}"
EndProject
Project("{FAE04EC0-301F-11D3-BF4B-00C04F79EFBC}") = "ViewModel", "ViewModel\ViewModel.csproj", "{BE29A432-4712-4DA3-ACB5-481D952C10CB}"
EndProject
Project("{FAE04EC0-301F-11D3-BF4B-00C04F79EFBC}") = "DataAccess", "DataAccess\DataAccess.csproj", "{C45FA339-8B71-41A0-8654-78E54EC00C7B}"
EndProject
Project("{FAE04EC0-301F-11D3-BF4B-00C04F79EFBC}") = "Model", "Model\Model.csproj", "{26CC3AFD-6E9D-4812-91A1-E0853867D32E}"
EndProject
Project("{FAE04EC0-301F-11D3-BF4B-00C04F79EFBC}") = "ClientApplicationServices", "ClientApplicationServices\ClientApplicationServices.csproj", "{D764704B-C811-4E70-A600-05993CEB2249}"
EndProject
Global
	GlobalSection(SolutionConfigurationPlatforms) = preSolution
		Debug|Any CPU = Debug|Any CPU
		Debug|x86 = Debug|x86
		Release|Any CPU = Release|Any CPU
		Release|x86 = Release|x86
	EndGlobalSection
	GlobalSection(ProjectConfigurationPlatforms) = postSolution
		{D1A7E458-50A4-45CC-842F-7F11DDF223DD}.Debug|Any CPU.ActiveCfg = Debug|Any CPU
		{D1A7E458-50A4-45CC-842F-7F11DDF223DD}.Debug|Any CPU.Build.0 = Debug|Any CPU
		{D1A7E458-50A4-45CC-842F-7F11DDF223DD}.Debug|x86.ActiveCfg = Debug|Any CPU
		{D1A7E458-50A4-45CC-842F-7F11DDF223DD}.Debug|x86.Build.0 = Debug|Any CPU
		{D1A7E458-50A4-45CC-842F-7F11DDF223DD}.Release|Any CPU.ActiveCfg = Release|Any CPU
		{D1A7E458-50A4-45CC-842F-7F11DDF223DD}.Release|Any CPU.Build.0 = Release|Any CPU
		{D1A7E458-50A4-45CC-842F-7F11DDF223DD}.Release|x86.ActiveCfg = Release|Any CPU
		{D1A7E458-50A4-45CC-842F-7F11DDF223DD}.Release|x86.Build.0 = Release|Any CPU
		{BE29A432-4712-4DA3-ACB5-481D952C10CB}.Debug|Any CPU.ActiveCfg = Debug|Any CPU
		{BE29A432-4712-4DA3-ACB5-481D952C10CB}.Debug|Any CPU.Build.0 = Debug|Any CPU
		{BE29A432-4712-4DA3-ACB5-481D952C10CB}.Debug|x86.ActiveCfg = Debug|Any CPU
		{BE29A432-4712-4DA3-ACB5-481D952C10CB}.Debug|x86.Build.0 = Debug|Any CPU
		{BE29A432-4712-4DA3-ACB5-481D952C10CB}.Release|Any CPU.ActiveCfg = Release|Any CPU
		{BE29A432-4712-4DA3-ACB5-481D952C10CB}.Release|Any CPU.Build.0 = Release|Any CPU
		{BE29A432-4712-4DA3-ACB5-481D952C10CB}.Release|x86.ActiveCfg = Release|Any CPU
		{BE29A432-4712-4DA3-ACB5-481D952C10CB}.Release|x86.Build.0 = Release|Any CPU
		{C45FA339-8B71-41A0-8654-78E54EC00C7B}.Debug|Any CPU.ActiveCfg = Debug|Any CPU
		{C45FA339-8B71-41A0-8654-78E54EC00C7B}.Debug|Any CPU.Build.0 = Debug|Any CPU
		{C45FA339-8B71-41A0-8654-78E54EC00C7B}.Debug|x86.ActiveCfg = Debug|Any CPU
		{C45FA339-8B71-41A0-8654-78E54EC00C7B}.Debug|x86.Build.0 = Debug|Any CPU
		{C45FA339-8B71-41A0-8654-78E54EC00C7B}.Release|Any CPU.ActiveCfg = Release|Any CPU
		{C45FA339-8B71-41A0-8654-78E54EC00C7B}.Release|Any CPU.Build.0 = Release|Any CPU
		{C45FA339-8B71-41A0-8654-78E54EC00C7B}.Release|x86.ActiveCfg = Release|Any CPU
		{C45FA339-8B71-41A0-8654-78E54EC00C7B}.Release|x86.Build.0 = Release|Any CPU
		{26CC3AFD-6E9D-4812-91A1-E0853867D32E}.Debug|Any CPU.ActiveCfg = Debug|Any CPU
		{26CC3AFD-6E9D-4812-91A1-E0853867D32E}.Debug|Any CPU.Build.0 = Debug|Any CPU
		{26CC3AFD-6E9D-4812-91A1-E0853867D32E}.Debug|x86.ActiveCfg = Debug|Any CPU
		{26CC3AFD-6E9D-4812-91A1-E0853867D32E}.Debug|x86.Build.0 = Debug|Any CPU
		{26CC3AFD-6E9D-4812-91A1-E0853867D32E}.Release|Any CPU.ActiveCfg = Release|Any CPU
		{26CC3AFD-6E9D-4812-91A1-E0853867D32E}.Release|Any CPU.Build.0 = Release|Any CPU
		{26CC3AFD-6E9D-4812-91A1-E0853867D32E}.Release|x86.ActiveCfg = Release|Any CPU
		{26CC3AFD-6E9D-4812-91A1-E0853867D32E}.Release|x86.Build.0 = Release|Any CPU
		{59ADE324-BA41-4937-AB8B-DE8413341286}.Debug|Any CPU.ActiveCfg = Debug|Any CPU
		{59ADE324-BA41-4937-AB8B-DE8413341286}.Debug|Any CPU.Build.0 = Debug|Any CPU
		{59ADE324-BA41-4937-AB8B-DE8413341286}.Debug|x86.ActiveCfg = Debug|Any CPU
		{59ADE324-BA41-4937-AB8B-DE8413341286}.Debug|x86.Build.0 = Debug|Any CPU
		{59ADE324-BA41-4937-AB8B-DE8413341286}.Release|Any CPU.ActiveCfg = Release|Any CPU
		{59ADE324-BA41-4937-AB8B-DE8413341286}.Release|Any CPU.Build.0 = Release|Any CPU
		{59ADE324-BA41-4937-AB8B-DE8413341286}.Release|x86.ActiveCfg = Release|Any CPU
		{59ADE324-BA41-4937-AB8B-DE8413341286}.Release|x86.Build.0 = Release|Any CPU
	EndGlobalSection
	GlobalSection(SolutionProperties) = preSolution
		HideSolutionNode = FALSE
	EndGlobalSection
EndGlobal
